
Microsoft Visual Studio Solution File, Format Version 12.00
# Visual Studio Version 16
VisualStudioVersion = 16.0.31624.102
MinimumVisualStudioVersion = 10.0.40219.1
Project("{FAE04EC0-301F-11D3-BF4B-00C04F79EFBC}") = "lesson62", "lesson62\lesson62.csproj", "{A6BD5FFF-7224-4B31-ADDE-6294B523D6EF}"
EndProject
Global
	GlobalSection(SolutionConfigurationPlatforms) = preSolution
		Debug|Any CPU = Debug|Any CPU
		Release|Any CPU = Release|Any CPU
	EndGlobalSection
	GlobalSection(ProjectConfigurationPlatforms) = postSolution
		{A6BD5FFF-7224-4B31-ADDE-6294B523D6EF}.Debug|Any CPU.ActiveCfg = Debug|Any CPU
		{A6BD5FFF-7224-4B31-ADDE-6294B523D6EF}.Debug|Any CPU.Build.0 = Debug|Any CPU
		{A6BD5FFF-7224-4B31-ADDE-6294B523D6EF}.Release|Any CPU.ActiveCfg = Release|Any CPU
		{A6BD5FFF-7224-4B31-ADDE-6294B523D6EF}.Release|Any CPU.Build.0 = Release|Any CPU
	EndGlobalSection
	GlobalSection(SolutionProperties) = preSolution
		HideSolutionNode = FALSE
	EndGlobalSection
	GlobalSection(ExtensibilityGlobals) = postSolution
		SolutionGuid = {5E7521B9-3191-49A6-A681-BC32787A9C19}
	EndGlobalSection
EndGlobal
